
Microsoft Visual Studio Solution File, Format Version 12.00
# Visual Studio Version 16
VisualStudioVersion = 16.0.29102.190
MinimumVisualStudioVersion = 10.0.40219.1
Project("{9A19103F-16F7-4668-BE54-9A1E7A4F7556}") = "Rrs.Dapper.Fluent.Net40", "Rrs.Dapper.Fluent.Net40\Rrs.Dapper.Fluent.Net40.csproj", "{C08A9494-A841-4FED-AC69-E7E62EBEB677}"
EndProject
Project("{D954291E-2A0B-460D-934E-DC6B0785DB48}") = "Rrs.Dapper.Fluent.Shared", "Rrs.Dapper.Fluent.Shared\Rrs.Dapper.Fluent.Shared.shproj", "{AFB87441-2666-4F79-BAEF-1E1F501E6996}"
EndProject
Project("{2150E333-8FDC-42A3-9474-1A3956D46DE8}") = "Solution Items", "Solution Items", "{C2B24D77-F7DC-46AB-B54B-2B41B8B49DE5}"
	ProjectSection(SolutionItems) = preProject
		..\CHANGELOG.md = ..\CHANGELOG.md
		..\README.md = ..\README.md
		Rrs.Dapper.Fluent.nuspec = Rrs.Dapper.Fluent.nuspec
	EndProjectSection
EndProject
Project("{9A19103F-16F7-4668-BE54-9A1E7A4F7556}") = "Rrs.Dapper.Fluent", "Rrs.Dapper.Fluent\Rrs.Dapper.Fluent.csproj", "{D61F8412-4DD3-42BA-801D-E6E754FA217D}"
EndProject
Global
	GlobalSection(SharedMSBuildProjectFiles) = preSolution
		Rrs.Dapper.Fluent.Shared\Rrs.Dapper.Fluent.Shared.projitems*{afb87441-2666-4f79-baef-1e1f501e6996}*SharedItemsImports = 13
	EndGlobalSection
	GlobalSection(SolutionConfigurationPlatforms) = preSolution
		Debug|Any CPU = Debug|Any CPU
		Release|Any CPU = Release|Any CPU
	EndGlobalSection
	GlobalSection(ProjectConfigurationPlatforms) = postSolution
		{C08A9494-A841-4FED-AC69-E7E62EBEB677}.Debug|Any CPU.ActiveCfg = Debug|Any CPU
		{C08A9494-A841-4FED-AC69-E7E62EBEB677}.Debug|Any CPU.Build.0 = Debug|Any CPU
		{C08A9494-A841-4FED-AC69-E7E62EBEB677}.Release|Any CPU.ActiveCfg = Release|Any CPU
		{C08A9494-A841-4FED-AC69-E7E62EBEB677}.Release|Any CPU.Build.0 = Release|Any CPU
		{D61F8412-4DD3-42BA-801D-E6E754FA217D}.Debug|Any CPU.ActiveCfg = Debug|Any CPU
		{D61F8412-4DD3-42BA-801D-E6E754FA217D}.Debug|Any CPU.Build.0 = Debug|Any CPU
		{D61F8412-4DD3-42BA-801D-E6E754FA217D}.Release|Any CPU.ActiveCfg = Release|Any CPU
		{D61F8412-4DD3-42BA-801D-E6E754FA217D}.Release|Any CPU.Build.0 = Release|Any CPU
	EndGlobalSection
	GlobalSection(SolutionProperties) = preSolution
		HideSolutionNode = FALSE
	EndGlobalSection
	GlobalSection(ExtensibilityGlobals) = postSolution
		SolutionGuid = {451C356F-651B-4329-AC81-9B98419CF3A3}
	EndGlobalSection
EndGlobal
